
Microsoft Visual Studio Solution File, Format Version 12.00
# Visual Studio Version 17
VisualStudioVersion = 17.10.35122.118
MinimumVisualStudioVersion = 10.0.40219.1
Project("{FAE04EC0-301F-11D3-BF4B-00C04F79EFBC}") = "CreaturesOfTheCode", "CreaturesOfTheCode\CreaturesOfTheCode.csproj", "{679DA90E-194F-4052-836D-BC90A6AC2D86}"
EndProject
Global
	GlobalSection(SolutionConfigurationPlatforms) = preSolution
		Debug|Any CPU = Debug|Any CPU
		Release|Any CPU = Release|Any CPU
	EndGlobalSection
	GlobalSection(ProjectConfigurationPlatforms) = postSolution
		{679DA90E-194F-4052-836D-BC90A6AC2D86}.Debug|Any CPU.ActiveCfg = Debug|Any CPU
		{679DA90E-194F-4052-836D-BC90A6AC2D86}.Debug|Any CPU.Build.0 = Debug|Any CPU
		{679DA90E-194F-4052-836D-BC90A6AC2D86}.Release|Any CPU.ActiveCfg = Release|Any CPU
		{679DA90E-194F-4052-836D-BC90A6AC2D86}.Release|Any CPU.Build.0 = Release|Any CPU
	EndGlobalSection
	GlobalSection(SolutionProperties) = preSolution
		HideSolutionNode = FALSE
	EndGlobalSection
	GlobalSection(ExtensibilityGlobals) = postSolution
		SolutionGuid = {6153F001-E2E5-46B8-A30A-744394DC0C8B}
	EndGlobalSection
EndGlobal
