
Microsoft Visual Studio Solution File, Format Version 12.00
# Visual Studio Version 17
VisualStudioVersion = 17.11.35303.130
MinimumVisualStudioVersion = 10.0.40219.1
Project("{FAE04EC0-301F-11D3-BF4B-00C04F79EFBC}") = "CarManufacturer", "CarManufacturer\CarManufacturer.csproj", "{E819E0D2-6CDC-46A6-A90B-9FCBB892FEEE}"
EndProject
Global
	GlobalSection(SolutionConfigurationPlatforms) = preSolution
		Debug|Any CPU = Debug|Any CPU
		Release|Any CPU = Release|Any CPU
	EndGlobalSection
	GlobalSection(ProjectConfigurationPlatforms) = postSolution
		{E819E0D2-6CDC-46A6-A90B-9FCBB892FEEE}.Debug|Any CPU.ActiveCfg = Debug|Any CPU
		{E819E0D2-6CDC-46A6-A90B-9FCBB892FEEE}.Debug|Any CPU.Build.0 = Debug|Any CPU
		{E819E0D2-6CDC-46A6-A90B-9FCBB892FEEE}.Release|Any CPU.ActiveCfg = Release|Any CPU
		{E819E0D2-6CDC-46A6-A90B-9FCBB892FEEE}.Release|Any CPU.Build.0 = Release|Any CPU
	EndGlobalSection
	GlobalSection(SolutionProperties) = preSolution
		HideSolutionNode = FALSE
	EndGlobalSection
	GlobalSection(ExtensibilityGlobals) = postSolution
		SolutionGuid = {D6C88551-26D7-407E-87FF-0DAE80690309}
	EndGlobalSection
EndGlobal
