
Microsoft Visual Studio Solution File, Format Version 12.00
# Visual Studio Version 17
VisualStudioVersion = 17.10.34902.84
MinimumVisualStudioVersion = 10.0.40219.1
Project("{9A19103F-16F7-4668-BE54-9A1E7A4F7556}") = "Reverse Strings", "Reverse Strings\Reverse Strings.csproj", "{7E5208C3-46F0-413B-9910-7210634E82A4}"
EndProject
Project("{FAE04EC0-301F-11D3-BF4B-00C04F79EFBC}") = "RepeatStrings", "RepeatStrings\RepeatStrings.csproj", "{B08C2C56-130A-49F5-B6DB-6EEEC9286F26}"
EndProject
Project("{FAE04EC0-301F-11D3-BF4B-00C04F79EFBC}") = "substrings", "substrings\substrings.csproj", "{6271C60C-3275-4FB7-A18E-BCB5A153B2EB}"
EndProject
Project("{FAE04EC0-301F-11D3-BF4B-00C04F79EFBC}") = "TextFilter", "TextFilter\TextFilter.csproj", "{41F2C90C-A700-4157-A6EA-6763ED1C5D9A}"
EndProject
Project("{FAE04EC0-301F-11D3-BF4B-00C04F79EFBC}") = "Digits,LettersAndOthers", "Digits,LettersAndOthers\Digits,LettersAndOthers.csproj", "{463BF017-6C5D-4C6F-8111-A6EF1E1CC6B7}"
EndProject
Global
	GlobalSection(SolutionConfigurationPlatforms) = preSolution
		Debug|Any CPU = Debug|Any CPU
		Release|Any CPU = Release|Any CPU
	EndGlobalSection
	GlobalSection(ProjectConfigurationPlatforms) = postSolution
		{7E5208C3-46F0-413B-9910-7210634E82A4}.Debug|Any CPU.ActiveCfg = Debug|Any CPU
		{7E5208C3-46F0-413B-9910-7210634E82A4}.Debug|Any CPU.Build.0 = Debug|Any CPU
		{7E5208C3-46F0-413B-9910-7210634E82A4}.Release|Any CPU.ActiveCfg = Release|Any CPU
		{7E5208C3-46F0-413B-9910-7210634E82A4}.Release|Any CPU.Build.0 = Release|Any CPU
		{B08C2C56-130A-49F5-B6DB-6EEEC9286F26}.Debug|Any CPU.ActiveCfg = Debug|Any CPU
		{B08C2C56-130A-49F5-B6DB-6EEEC9286F26}.Debug|Any CPU.Build.0 = Debug|Any CPU
		{B08C2C56-130A-49F5-B6DB-6EEEC9286F26}.Release|Any CPU.ActiveCfg = Release|Any CPU
		{B08C2C56-130A-49F5-B6DB-6EEEC9286F26}.Release|Any CPU.Build.0 = Release|Any CPU
		{6271C60C-3275-4FB7-A18E-BCB5A153B2EB}.Debug|Any CPU.ActiveCfg = Debug|Any CPU
		{6271C60C-3275-4FB7-A18E-BCB5A153B2EB}.Debug|Any CPU.Build.0 = Debug|Any CPU
		{6271C60C-3275-4FB7-A18E-BCB5A153B2EB}.Release|Any CPU.ActiveCfg = Release|Any CPU
		{6271C60C-3275-4FB7-A18E-BCB5A153B2EB}.Release|Any CPU.Build.0 = Release|Any CPU
		{41F2C90C-A700-4157-A6EA-6763ED1C5D9A}.Debug|Any CPU.ActiveCfg = Debug|Any CPU
		{41F2C90C-A700-4157-A6EA-6763ED1C5D9A}.Debug|Any CPU.Build.0 = Debug|Any CPU
		{41F2C90C-A700-4157-A6EA-6763ED1C5D9A}.Release|Any CPU.ActiveCfg = Release|Any CPU
		{41F2C90C-A700-4157-A6EA-6763ED1C5D9A}.Release|Any CPU.Build.0 = Release|Any CPU
		{463BF017-6C5D-4C6F-8111-A6EF1E1CC6B7}.Debug|Any CPU.ActiveCfg = Debug|Any CPU
		{463BF017-6C5D-4C6F-8111-A6EF1E1CC6B7}.Debug|Any CPU.Build.0 = Debug|Any CPU
		{463BF017-6C5D-4C6F-8111-A6EF1E1CC6B7}.Release|Any CPU.ActiveCfg = Release|Any CPU
		{463BF017-6C5D-4C6F-8111-A6EF1E1CC6B7}.Release|Any CPU.Build.0 = Release|Any CPU
	EndGlobalSection
	GlobalSection(SolutionProperties) = preSolution
		HideSolutionNode = FALSE
	EndGlobalSection
	GlobalSection(ExtensibilityGlobals) = postSolution
		SolutionGuid = {D4CEAED1-8516-4BAE-A9A3-66F7DA360EB0}
	EndGlobalSection
EndGlobal
