
Microsoft Visual Studio Solution File, Format Version 12.00
# Visual Studio Version 17
VisualStudioVersion = 17.7.34031.279
MinimumVisualStudioVersion = 10.0.40219.1
Project("{FAE04EC0-301F-11D3-BF4B-00C04F79EFBC}") = "Cinema", "Cinema\Cinema.csproj", "{F10B0E26-026F-4D0C-A980-9C83DC576D23}"
EndProject
Project("{FAE04EC0-301F-11D3-BF4B-00C04F79EFBC}") = "SummerOutfit", "SummerOutfit\SummerOutfit.csproj", "{75950433-BBBC-4480-9095-73EB5B4DA7B9}"
EndProject
Project("{FAE04EC0-301F-11D3-BF4B-00C04F79EFBC}") = "NewHouse", "NewHouse\NewHouse.csproj", "{CAC7A666-8A03-4676-B6F1-BA3D99EACB6A}"
EndProject
Project("{FAE04EC0-301F-11D3-BF4B-00C04F79EFBC}") = "FishingBoat", "FishingBoat\FishingBoat.csproj", "{C6F286BC-276F-4D50-9471-71A37F5AF6A4}"
EndProject
Project("{FAE04EC0-301F-11D3-BF4B-00C04F79EFBC}") = "Journey", "Journey\Journey.csproj", "{042A2F9D-AB58-44CE-A0DA-69E214995F61}"
EndProject
Project("{FAE04EC0-301F-11D3-BF4B-00C04F79EFBC}") = "OperationsBetweenNumbers", "OperationsBetweenNumbers\OperationsBetweenNumbers.csproj", "{D4D37A50-AE0C-4C21-81C0-983654897948}"
EndProject
Project("{FAE04EC0-301F-11D3-BF4B-00C04F79EFBC}") = "HotelRoom", "HotelRoom\HotelRoom.csproj", "{671979FC-6CCE-452A-B967-ACC1BCBA1652}"
EndProject
Project("{FAE04EC0-301F-11D3-BF4B-00C04F79EFBC}") = "OnTimeForTheExam", "OnTimeForTheExam\OnTimeForTheExam.csproj", "{89D15602-4B06-4277-ACFD-2F10163694E6}"
EndProject
Project("{FAE04EC0-301F-11D3-BF4B-00C04F79EFBC}") = "SkiTrip", "SkiTrip\SkiTrip.csproj", "{3D022CD3-E05B-4B28-BBC1-30F51DED28D9}"
EndProject
Global
	GlobalSection(SolutionConfigurationPlatforms) = preSolution
		Debug|Any CPU = Debug|Any CPU
		Release|Any CPU = Release|Any CPU
	EndGlobalSection
	GlobalSection(ProjectConfigurationPlatforms) = postSolution
		{F10B0E26-026F-4D0C-A980-9C83DC576D23}.Debug|Any CPU.ActiveCfg = Debug|Any CPU
		{F10B0E26-026F-4D0C-A980-9C83DC576D23}.Debug|Any CPU.Build.0 = Debug|Any CPU
		{F10B0E26-026F-4D0C-A980-9C83DC576D23}.Release|Any CPU.ActiveCfg = Release|Any CPU
		{F10B0E26-026F-4D0C-A980-9C83DC576D23}.Release|Any CPU.Build.0 = Release|Any CPU
		{75950433-BBBC-4480-9095-73EB5B4DA7B9}.Debug|Any CPU.ActiveCfg = Debug|Any CPU
		{75950433-BBBC-4480-9095-73EB5B4DA7B9}.Debug|Any CPU.Build.0 = Debug|Any CPU
		{75950433-BBBC-4480-9095-73EB5B4DA7B9}.Release|Any CPU.ActiveCfg = Release|Any CPU
		{75950433-BBBC-4480-9095-73EB5B4DA7B9}.Release|Any CPU.Build.0 = Release|Any CPU
		{CAC7A666-8A03-4676-B6F1-BA3D99EACB6A}.Debug|Any CPU.ActiveCfg = Debug|Any CPU
		{CAC7A666-8A03-4676-B6F1-BA3D99EACB6A}.Debug|Any CPU.Build.0 = Debug|Any CPU
		{CAC7A666-8A03-4676-B6F1-BA3D99EACB6A}.Release|Any CPU.ActiveCfg = Release|Any CPU
		{CAC7A666-8A03-4676-B6F1-BA3D99EACB6A}.Release|Any CPU.Build.0 = Release|Any CPU
		{C6F286BC-276F-4D50-9471-71A37F5AF6A4}.Debug|Any CPU.ActiveCfg = Debug|Any CPU
		{C6F286BC-276F-4D50-9471-71A37F5AF6A4}.Debug|Any CPU.Build.0 = Debug|Any CPU
		{C6F286BC-276F-4D50-9471-71A37F5AF6A4}.Release|Any CPU.ActiveCfg = Release|Any CPU
		{C6F286BC-276F-4D50-9471-71A37F5AF6A4}.Release|Any CPU.Build.0 = Release|Any CPU
		{042A2F9D-AB58-44CE-A0DA-69E214995F61}.Debug|Any CPU.ActiveCfg = Debug|Any CPU
		{042A2F9D-AB58-44CE-A0DA-69E214995F61}.Debug|Any CPU.Build.0 = Debug|Any CPU
		{042A2F9D-AB58-44CE-A0DA-69E214995F61}.Release|Any CPU.ActiveCfg = Release|Any CPU
		{042A2F9D-AB58-44CE-A0DA-69E214995F61}.Release|Any CPU.Build.0 = Release|Any CPU
		{D4D37A50-AE0C-4C21-81C0-983654897948}.Debug|Any CPU.ActiveCfg = Debug|Any CPU
		{D4D37A50-AE0C-4C21-81C0-983654897948}.Debug|Any CPU.Build.0 = Debug|Any CPU
		{D4D37A50-AE0C-4C21-81C0-983654897948}.Release|Any CPU.ActiveCfg = Release|Any CPU
		{D4D37A50-AE0C-4C21-81C0-983654897948}.Release|Any CPU.Build.0 = Release|Any CPU
		{671979FC-6CCE-452A-B967-ACC1BCBA1652}.Debug|Any CPU.ActiveCfg = Debug|Any CPU
		{671979FC-6CCE-452A-B967-ACC1BCBA1652}.Debug|Any CPU.Build.0 = Debug|Any CPU
		{671979FC-6CCE-452A-B967-ACC1BCBA1652}.Release|Any CPU.ActiveCfg = Release|Any CPU
		{671979FC-6CCE-452A-B967-ACC1BCBA1652}.Release|Any CPU.Build.0 = Release|Any CPU
		{89D15602-4B06-4277-ACFD-2F10163694E6}.Debug|Any CPU.ActiveCfg = Debug|Any CPU
		{89D15602-4B06-4277-ACFD-2F10163694E6}.Debug|Any CPU.Build.0 = Debug|Any CPU
		{89D15602-4B06-4277-ACFD-2F10163694E6}.Release|Any CPU.ActiveCfg = Release|Any CPU
		{89D15602-4B06-4277-ACFD-2F10163694E6}.Release|Any CPU.Build.0 = Release|Any CPU
		{3D022CD3-E05B-4B28-BBC1-30F51DED28D9}.Debug|Any CPU.ActiveCfg = Debug|Any CPU
		{3D022CD3-E05B-4B28-BBC1-30F51DED28D9}.Debug|Any CPU.Build.0 = Debug|Any CPU
		{3D022CD3-E05B-4B28-BBC1-30F51DED28D9}.Release|Any CPU.ActiveCfg = Release|Any CPU
		{3D022CD3-E05B-4B28-BBC1-30F51DED28D9}.Release|Any CPU.Build.0 = Release|Any CPU
	EndGlobalSection
	GlobalSection(SolutionProperties) = preSolution
		HideSolutionNode = FALSE
	EndGlobalSection
	GlobalSection(ExtensibilityGlobals) = postSolution
		SolutionGuid = {3CC15F9B-2467-4E57-827E-26589DED27D8}
	EndGlobalSection
EndGlobal
