
Microsoft Visual Studio Solution File, Format Version 12.00
# Visual Studio Version 17
VisualStudioVersion = 17.11.35327.3
MinimumVisualStudioVersion = 10.0.40219.1
Project("{FAE04EC0-301F-11D3-BF4B-00C04F79EFBC}") = "Vehicles", "Vehicles\Vehicles.csproj", "{F35883CF-3389-49CF-B8A6-F14E9648B60F}"
EndProject
Project("{FAE04EC0-301F-11D3-BF4B-00C04F79EFBC}") = "Raiding", "Raiding\Raiding.csproj", "{6D35345F-8BB5-4DAA-895B-40E207996761}"
EndProject
Project("{FAE04EC0-301F-11D3-BF4B-00C04F79EFBC}") = "WildFarm", "WildFarm\WildFarm.csproj", "{4BD28A18-9999-4EDD-9AB4-176DB5F8E43B}"
EndProject
Global
	GlobalSection(SolutionConfigurationPlatforms) = preSolution
		Debug|Any CPU = Debug|Any CPU
		Release|Any CPU = Release|Any CPU
	EndGlobalSection
	GlobalSection(ProjectConfigurationPlatforms) = postSolution
		{F35883CF-3389-49CF-B8A6-F14E9648B60F}.Debug|Any CPU.ActiveCfg = Debug|Any CPU
		{F35883CF-3389-49CF-B8A6-F14E9648B60F}.Debug|Any CPU.Build.0 = Debug|Any CPU
		{F35883CF-3389-49CF-B8A6-F14E9648B60F}.Release|Any CPU.ActiveCfg = Release|Any CPU
		{F35883CF-3389-49CF-B8A6-F14E9648B60F}.Release|Any CPU.Build.0 = Release|Any CPU
		{6D35345F-8BB5-4DAA-895B-40E207996761}.Debug|Any CPU.ActiveCfg = Debug|Any CPU
		{6D35345F-8BB5-4DAA-895B-40E207996761}.Debug|Any CPU.Build.0 = Debug|Any CPU
		{6D35345F-8BB5-4DAA-895B-40E207996761}.Release|Any CPU.ActiveCfg = Release|Any CPU
		{6D35345F-8BB5-4DAA-895B-40E207996761}.Release|Any CPU.Build.0 = Release|Any CPU
		{4BD28A18-9999-4EDD-9AB4-176DB5F8E43B}.Debug|Any CPU.ActiveCfg = Debug|Any CPU
		{4BD28A18-9999-4EDD-9AB4-176DB5F8E43B}.Debug|Any CPU.Build.0 = Debug|Any CPU
		{4BD28A18-9999-4EDD-9AB4-176DB5F8E43B}.Release|Any CPU.ActiveCfg = Release|Any CPU
		{4BD28A18-9999-4EDD-9AB4-176DB5F8E43B}.Release|Any CPU.Build.0 = Release|Any CPU
	EndGlobalSection
	GlobalSection(SolutionProperties) = preSolution
		HideSolutionNode = FALSE
	EndGlobalSection
	GlobalSection(ExtensibilityGlobals) = postSolution
		SolutionGuid = {54B6E4A9-EDF8-43A1-A86F-C6CC3AF2A8D6}
	EndGlobalSection
EndGlobal
