
Microsoft Visual Studio Solution File, Format Version 12.00
# Visual Studio Version 17
VisualStudioVersion = 17.11.35431.28
MinimumVisualStudioVersion = 10.0.40219.1
Project("{9A19103F-16F7-4668-BE54-9A1E7A4F7556}") = "CommandPattern", "..\..\..\Downloads\08. CSharp-OOP-Reflection-and-Attributes-Exercise-Skeleton_6.0\CommandPattern\CommandPattern.csproj", "{B4AD756A-4356-4B26-8737-A67C895E1CAD}"
EndProject
Project("{9A19103F-16F7-4668-BE54-9A1E7A4F7556}") = "ValidationAttributes", "..\..\..\Downloads\08. CSharp-OOP-Reflection-and-Attributes-Exercise-Skeleton_6.0\ValidationAttributes\ValidationAttributes.csproj", "{960F14AE-8333-48F4-A6B8-78F5E7EA812A}"
EndProject
Global
	GlobalSection(SolutionConfigurationPlatforms) = preSolution
		Debug|Any CPU = Debug|Any CPU
		Release|Any CPU = Release|Any CPU
	EndGlobalSection
	GlobalSection(ProjectConfigurationPlatforms) = postSolution
		{B4AD756A-4356-4B26-8737-A67C895E1CAD}.Debug|Any CPU.ActiveCfg = Debug|Any CPU
		{B4AD756A-4356-4B26-8737-A67C895E1CAD}.Debug|Any CPU.Build.0 = Debug|Any CPU
		{B4AD756A-4356-4B26-8737-A67C895E1CAD}.Release|Any CPU.ActiveCfg = Release|Any CPU
		{B4AD756A-4356-4B26-8737-A67C895E1CAD}.Release|Any CPU.Build.0 = Release|Any CPU
		{960F14AE-8333-48F4-A6B8-78F5E7EA812A}.Debug|Any CPU.ActiveCfg = Debug|Any CPU
		{960F14AE-8333-48F4-A6B8-78F5E7EA812A}.Debug|Any CPU.Build.0 = Debug|Any CPU
		{960F14AE-8333-48F4-A6B8-78F5E7EA812A}.Release|Any CPU.ActiveCfg = Release|Any CPU
		{960F14AE-8333-48F4-A6B8-78F5E7EA812A}.Release|Any CPU.Build.0 = Release|Any CPU
	EndGlobalSection
	GlobalSection(SolutionProperties) = preSolution
		HideSolutionNode = FALSE
	EndGlobalSection
	GlobalSection(ExtensibilityGlobals) = postSolution
		SolutionGuid = {D072267F-2534-4687-A3DB-F02D2F5FAB12}
	EndGlobalSection
EndGlobal
