
Microsoft Visual Studio Solution File, Format Version 12.00
# Visual Studio Version 17
VisualStudioVersion = 17.10.34902.84
MinimumVisualStudioVersion = 10.0.40219.1
Project("{9A19103F-16F7-4668-BE54-9A1E7A4F7556}") = "Ages", "Ages\Ages.csproj", "{03ED984D-D375-4349-8635-4A44C805B9E0}"
EndProject
Project("{9A19103F-16F7-4668-BE54-9A1E7A4F7556}") = "Divison", "Divison\Divison.csproj", "{EEBC7FEA-6A16-4097-9234-4A847AE4F82E}"
EndProject
Project("{9A19103F-16F7-4668-BE54-9A1E7A4F7556}") = "Vacation", "Vacation\Vacation.csproj", "{E9236396-CF1F-499C-87F2-EC37FD699069}"
EndProject
Project("{9A19103F-16F7-4668-BE54-9A1E7A4F7556}") = "PrintAndSum", "PrintAndSum\PrintAndSum.csproj", "{A0A2EE2B-5658-4C36-B5D1-67D108D116A0}"
EndProject
Project("{9A19103F-16F7-4668-BE54-9A1E7A4F7556}") = "login", "login\login.csproj", "{3F7A95EA-56A9-41C9-B0D3-26254B843E5F}"
EndProject
Project("{9A19103F-16F7-4668-BE54-9A1E7A4F7556}") = "StrongNumber", "StrongNumber\StrongNumber.csproj", "{E17797FA-251E-4298-BD9C-3586DD1040AD}"
EndProject
Project("{9A19103F-16F7-4668-BE54-9A1E7A4F7556}") = "VendingMachine", "VendingMachine\VendingMachine.csproj", "{474A769D-9D42-4C24-809E-88D01908410E}"
EndProject
Project("{9A19103F-16F7-4668-BE54-9A1E7A4F7556}") = "TriangleOfNumbers", "TriangleOfNumbers\TriangleOfNumbers.csproj", "{3972F515-3C0C-4ABE-BE6E-7C06788BA1CF}"
EndProject
Project("{FAE04EC0-301F-11D3-BF4B-00C04F79EFBC}") = "PadawanEquipment", "PadawanEquipment\PadawanEquipment.csproj", "{89D26999-66D4-4D70-856E-987205D0C70E}"
EndProject
Project("{FAE04EC0-301F-11D3-BF4B-00C04F79EFBC}") = "RageExpenses", "RageExpenses\RageExpenses.csproj", "{01E84333-0EE5-44FC-890A-448583B9A2FA}"
EndProject
Project("{FAE04EC0-301F-11D3-BF4B-00C04F79EFBC}") = "Orders", "Orders\Orders.csproj", "{877B0A66-6E0C-4B4E-9BB2-5303EC0A5437}"
EndProject
Global
	GlobalSection(SolutionConfigurationPlatforms) = preSolution
		Debug|Any CPU = Debug|Any CPU
		Release|Any CPU = Release|Any CPU
	EndGlobalSection
	GlobalSection(ProjectConfigurationPlatforms) = postSolution
		{03ED984D-D375-4349-8635-4A44C805B9E0}.Debug|Any CPU.ActiveCfg = Debug|Any CPU
		{03ED984D-D375-4349-8635-4A44C805B9E0}.Debug|Any CPU.Build.0 = Debug|Any CPU
		{03ED984D-D375-4349-8635-4A44C805B9E0}.Release|Any CPU.ActiveCfg = Release|Any CPU
		{03ED984D-D375-4349-8635-4A44C805B9E0}.Release|Any CPU.Build.0 = Release|Any CPU
		{EEBC7FEA-6A16-4097-9234-4A847AE4F82E}.Debug|Any CPU.ActiveCfg = Debug|Any CPU
		{EEBC7FEA-6A16-4097-9234-4A847AE4F82E}.Debug|Any CPU.Build.0 = Debug|Any CPU
		{EEBC7FEA-6A16-4097-9234-4A847AE4F82E}.Release|Any CPU.ActiveCfg = Release|Any CPU
		{EEBC7FEA-6A16-4097-9234-4A847AE4F82E}.Release|Any CPU.Build.0 = Release|Any CPU
		{E9236396-CF1F-499C-87F2-EC37FD699069}.Debug|Any CPU.ActiveCfg = Debug|Any CPU
		{E9236396-CF1F-499C-87F2-EC37FD699069}.Debug|Any CPU.Build.0 = Debug|Any CPU
		{E9236396-CF1F-499C-87F2-EC37FD699069}.Release|Any CPU.ActiveCfg = Release|Any CPU
		{E9236396-CF1F-499C-87F2-EC37FD699069}.Release|Any CPU.Build.0 = Release|Any CPU
		{A0A2EE2B-5658-4C36-B5D1-67D108D116A0}.Debug|Any CPU.ActiveCfg = Debug|Any CPU
		{A0A2EE2B-5658-4C36-B5D1-67D108D116A0}.Debug|Any CPU.Build.0 = Debug|Any CPU
		{A0A2EE2B-5658-4C36-B5D1-67D108D116A0}.Release|Any CPU.ActiveCfg = Release|Any CPU
		{A0A2EE2B-5658-4C36-B5D1-67D108D116A0}.Release|Any CPU.Build.0 = Release|Any CPU
		{3F7A95EA-56A9-41C9-B0D3-26254B843E5F}.Debug|Any CPU.ActiveCfg = Debug|Any CPU
		{3F7A95EA-56A9-41C9-B0D3-26254B843E5F}.Debug|Any CPU.Build.0 = Debug|Any CPU
		{3F7A95EA-56A9-41C9-B0D3-26254B843E5F}.Release|Any CPU.ActiveCfg = Release|Any CPU
		{3F7A95EA-56A9-41C9-B0D3-26254B843E5F}.Release|Any CPU.Build.0 = Release|Any CPU
		{E17797FA-251E-4298-BD9C-3586DD1040AD}.Debug|Any CPU.ActiveCfg = Debug|Any CPU
		{E17797FA-251E-4298-BD9C-3586DD1040AD}.Debug|Any CPU.Build.0 = Debug|Any CPU
		{E17797FA-251E-4298-BD9C-3586DD1040AD}.Release|Any CPU.ActiveCfg = Release|Any CPU
		{E17797FA-251E-4298-BD9C-3586DD1040AD}.Release|Any CPU.Build.0 = Release|Any CPU
		{474A769D-9D42-4C24-809E-88D01908410E}.Debug|Any CPU.ActiveCfg = Debug|Any CPU
		{474A769D-9D42-4C24-809E-88D01908410E}.Debug|Any CPU.Build.0 = Debug|Any CPU
		{474A769D-9D42-4C24-809E-88D01908410E}.Release|Any CPU.ActiveCfg = Release|Any CPU
		{474A769D-9D42-4C24-809E-88D01908410E}.Release|Any CPU.Build.0 = Release|Any CPU
		{3972F515-3C0C-4ABE-BE6E-7C06788BA1CF}.Debug|Any CPU.ActiveCfg = Debug|Any CPU
		{3972F515-3C0C-4ABE-BE6E-7C06788BA1CF}.Debug|Any CPU.Build.0 = Debug|Any CPU
		{3972F515-3C0C-4ABE-BE6E-7C06788BA1CF}.Release|Any CPU.ActiveCfg = Release|Any CPU
		{3972F515-3C0C-4ABE-BE6E-7C06788BA1CF}.Release|Any CPU.Build.0 = Release|Any CPU
		{89D26999-66D4-4D70-856E-987205D0C70E}.Debug|Any CPU.ActiveCfg = Debug|Any CPU
		{89D26999-66D4-4D70-856E-987205D0C70E}.Debug|Any CPU.Build.0 = Debug|Any CPU
		{89D26999-66D4-4D70-856E-987205D0C70E}.Release|Any CPU.ActiveCfg = Release|Any CPU
		{89D26999-66D4-4D70-856E-987205D0C70E}.Release|Any CPU.Build.0 = Release|Any CPU
		{01E84333-0EE5-44FC-890A-448583B9A2FA}.Debug|Any CPU.ActiveCfg = Debug|Any CPU
		{01E84333-0EE5-44FC-890A-448583B9A2FA}.Debug|Any CPU.Build.0 = Debug|Any CPU
		{01E84333-0EE5-44FC-890A-448583B9A2FA}.Release|Any CPU.ActiveCfg = Release|Any CPU
		{01E84333-0EE5-44FC-890A-448583B9A2FA}.Release|Any CPU.Build.0 = Release|Any CPU
		{877B0A66-6E0C-4B4E-9BB2-5303EC0A5437}.Debug|Any CPU.ActiveCfg = Debug|Any CPU
		{877B0A66-6E0C-4B4E-9BB2-5303EC0A5437}.Debug|Any CPU.Build.0 = Debug|Any CPU
		{877B0A66-6E0C-4B4E-9BB2-5303EC0A5437}.Release|Any CPU.ActiveCfg = Release|Any CPU
		{877B0A66-6E0C-4B4E-9BB2-5303EC0A5437}.Release|Any CPU.Build.0 = Release|Any CPU
	EndGlobalSection
	GlobalSection(SolutionProperties) = preSolution
		HideSolutionNode = FALSE
	EndGlobalSection
	GlobalSection(ExtensibilityGlobals) = postSolution
		SolutionGuid = {D6DC669E-1C22-4F5C-8199-B72207B9C3C1}
	EndGlobalSection
EndGlobal
