
Microsoft Visual Studio Solution File, Format Version 12.00
# Visual Studio Version 17
VisualStudioVersion = 17.10.34902.84
MinimumVisualStudioVersion = 10.0.40219.1
Project("{FAE04EC0-301F-11D3-BF4B-00C04F79EFBC}") = "SortNumbers", "SortNumbers\SortNumbers.csproj", "{519EA85F-065D-4BDF-BB24-6514503F0AC5}"
EndProject
Project("{FAE04EC0-301F-11D3-BF4B-00C04F79EFBC}") = "NameOfLastDigit", "NameOfLastDigit\NameOfLastDigit.csproj", "{86D13739-E899-4397-BE1B-9E1D2CB93B07}"
EndProject
Project("{FAE04EC0-301F-11D3-BF4B-00C04F79EFBC}") = "GamingStore", "GamingStore\GamingStore.csproj", "{01F2921B-7E92-4527-BA04-D0793558840F}"
EndProject
Project("{FAE04EC0-301F-11D3-BF4B-00C04F79EFBC}") = "ReverseString", "ReverseString\ReverseString.csproj", "{A10D6CDB-7C0C-4765-89DB-57098D8C53E4}"
EndProject
Project("{FAE04EC0-301F-11D3-BF4B-00C04F79EFBC}") = "Messages", "Messages\Messages.csproj", "{612BC20A-95EA-4F97-A1F9-95D0E88FB9CC}"
EndProject
Global
	GlobalSection(SolutionConfigurationPlatforms) = preSolution
		Debug|Any CPU = Debug|Any CPU
		Release|Any CPU = Release|Any CPU
	EndGlobalSection
	GlobalSection(ProjectConfigurationPlatforms) = postSolution
		{519EA85F-065D-4BDF-BB24-6514503F0AC5}.Debug|Any CPU.ActiveCfg = Debug|Any CPU
		{519EA85F-065D-4BDF-BB24-6514503F0AC5}.Debug|Any CPU.Build.0 = Debug|Any CPU
		{519EA85F-065D-4BDF-BB24-6514503F0AC5}.Release|Any CPU.ActiveCfg = Release|Any CPU
		{519EA85F-065D-4BDF-BB24-6514503F0AC5}.Release|Any CPU.Build.0 = Release|Any CPU
		{86D13739-E899-4397-BE1B-9E1D2CB93B07}.Debug|Any CPU.ActiveCfg = Debug|Any CPU
		{86D13739-E899-4397-BE1B-9E1D2CB93B07}.Debug|Any CPU.Build.0 = Debug|Any CPU
		{86D13739-E899-4397-BE1B-9E1D2CB93B07}.Release|Any CPU.ActiveCfg = Release|Any CPU
		{86D13739-E899-4397-BE1B-9E1D2CB93B07}.Release|Any CPU.Build.0 = Release|Any CPU
		{01F2921B-7E92-4527-BA04-D0793558840F}.Debug|Any CPU.ActiveCfg = Debug|Any CPU
		{01F2921B-7E92-4527-BA04-D0793558840F}.Debug|Any CPU.Build.0 = Debug|Any CPU
		{01F2921B-7E92-4527-BA04-D0793558840F}.Release|Any CPU.ActiveCfg = Release|Any CPU
		{01F2921B-7E92-4527-BA04-D0793558840F}.Release|Any CPU.Build.0 = Release|Any CPU
		{A10D6CDB-7C0C-4765-89DB-57098D8C53E4}.Debug|Any CPU.ActiveCfg = Debug|Any CPU
		{A10D6CDB-7C0C-4765-89DB-57098D8C53E4}.Debug|Any CPU.Build.0 = Debug|Any CPU
		{A10D6CDB-7C0C-4765-89DB-57098D8C53E4}.Release|Any CPU.ActiveCfg = Release|Any CPU
		{A10D6CDB-7C0C-4765-89DB-57098D8C53E4}.Release|Any CPU.Build.0 = Release|Any CPU
		{612BC20A-95EA-4F97-A1F9-95D0E88FB9CC}.Debug|Any CPU.ActiveCfg = Debug|Any CPU
		{612BC20A-95EA-4F97-A1F9-95D0E88FB9CC}.Debug|Any CPU.Build.0 = Debug|Any CPU
		{612BC20A-95EA-4F97-A1F9-95D0E88FB9CC}.Release|Any CPU.ActiveCfg = Release|Any CPU
		{612BC20A-95EA-4F97-A1F9-95D0E88FB9CC}.Release|Any CPU.Build.0 = Release|Any CPU
	EndGlobalSection
	GlobalSection(SolutionProperties) = preSolution
		HideSolutionNode = FALSE
	EndGlobalSection
	GlobalSection(ExtensibilityGlobals) = postSolution
		SolutionGuid = {F8C75318-FB69-493A-A647-E3A9E2818A40}
	EndGlobalSection
EndGlobal
