
Microsoft Visual Studio Solution File, Format Version 12.00
# Visual Studio Version 17
VisualStudioVersion = 17.7.34031.279
MinimumVisualStudioVersion = 10.0.40219.1
Project("{FAE04EC0-301F-11D3-BF4B-00C04F79EFBC}") = "MatchTickets", "MatchTickets\MatchTickets.csproj", "{C950FF32-D366-4251-A62F-EACB495F75DA}"
EndProject
Project("{FAE04EC0-301F-11D3-BF4B-00C04F79EFBC}") = "BikeRace", "BikeRace\BikeRace.csproj", "{115415DC-36BB-4076-9F00-91B207BDA68F}"
EndProject
Project("{FAE04EC0-301F-11D3-BF4B-00C04F79EFBC}") = "FlowerShop", "FlowerShop\FlowerShop.csproj", "{AAC188C9-C712-4163-8AE7-A9DA61CCDB1E}"
EndProject
Project("{FAE04EC0-301F-11D3-BF4B-00C04F79EFBC}") = "CarToGo", "CarToGo\CarToGo.csproj", "{5E321791-72A4-4F9D-B9D2-20B489646902}"
EndProject
Project("{FAE04EC0-301F-11D3-BF4B-00C04F79EFBC}") = "Vacation", "Vacation\Vacation.csproj", "{76662FB9-55C5-4596-8EFD-E3B96A9B8732}"
EndProject
Project("{FAE04EC0-301F-11D3-BF4B-00C04F79EFBC}") = "TruckDriver", "TruckDriver\TruckDriver.csproj", "{23082483-8798-45A2-BB75-CCD37F2971F6}"
EndProject
Project("{FAE04EC0-301F-11D3-BF4B-00C04F79EFBC}") = "SchoolCamp", "SchoolCamp\SchoolCamp.csproj", "{208F82DF-2291-4A5A-B533-036D6C6F44D3}"
EndProject
Project("{FAE04EC0-301F-11D3-BF4B-00C04F79EFBC}") = "PointOnRectangleBorder", "PointOnRectangleBorder\PointOnRectangleBorder.csproj", "{D4E95F94-8CF3-4F27-9B14-BB4044857996}"
EndProject
Project("{FAE04EC0-301F-11D3-BF4B-00C04F79EFBC}") = "Number1To10", "Number1To10\Number1To10.csproj", "{65564165-D8E4-4463-AE7F-0926017B4D10}"
EndProject
Project("{FAE04EC0-301F-11D3-BF4B-00C04F79EFBC}") = "multiplyBy2", "multiplyBy2\multiplyBy2.csproj", "{7FBE4E52-F60F-41DC-91E8-BB7EA5158F06}"
EndProject
Global
	GlobalSection(SolutionConfigurationPlatforms) = preSolution
		Debug|Any CPU = Debug|Any CPU
		Release|Any CPU = Release|Any CPU
	EndGlobalSection
	GlobalSection(ProjectConfigurationPlatforms) = postSolution
		{C950FF32-D366-4251-A62F-EACB495F75DA}.Debug|Any CPU.ActiveCfg = Debug|Any CPU
		{C950FF32-D366-4251-A62F-EACB495F75DA}.Debug|Any CPU.Build.0 = Debug|Any CPU
		{C950FF32-D366-4251-A62F-EACB495F75DA}.Release|Any CPU.ActiveCfg = Release|Any CPU
		{C950FF32-D366-4251-A62F-EACB495F75DA}.Release|Any CPU.Build.0 = Release|Any CPU
		{115415DC-36BB-4076-9F00-91B207BDA68F}.Debug|Any CPU.ActiveCfg = Debug|Any CPU
		{115415DC-36BB-4076-9F00-91B207BDA68F}.Debug|Any CPU.Build.0 = Debug|Any CPU
		{115415DC-36BB-4076-9F00-91B207BDA68F}.Release|Any CPU.ActiveCfg = Release|Any CPU
		{115415DC-36BB-4076-9F00-91B207BDA68F}.Release|Any CPU.Build.0 = Release|Any CPU
		{AAC188C9-C712-4163-8AE7-A9DA61CCDB1E}.Debug|Any CPU.ActiveCfg = Debug|Any CPU
		{AAC188C9-C712-4163-8AE7-A9DA61CCDB1E}.Debug|Any CPU.Build.0 = Debug|Any CPU
		{AAC188C9-C712-4163-8AE7-A9DA61CCDB1E}.Release|Any CPU.ActiveCfg = Release|Any CPU
		{AAC188C9-C712-4163-8AE7-A9DA61CCDB1E}.Release|Any CPU.Build.0 = Release|Any CPU
		{5E321791-72A4-4F9D-B9D2-20B489646902}.Debug|Any CPU.ActiveCfg = Debug|Any CPU
		{5E321791-72A4-4F9D-B9D2-20B489646902}.Debug|Any CPU.Build.0 = Debug|Any CPU
		{5E321791-72A4-4F9D-B9D2-20B489646902}.Release|Any CPU.ActiveCfg = Release|Any CPU
		{5E321791-72A4-4F9D-B9D2-20B489646902}.Release|Any CPU.Build.0 = Release|Any CPU
		{76662FB9-55C5-4596-8EFD-E3B96A9B8732}.Debug|Any CPU.ActiveCfg = Debug|Any CPU
		{76662FB9-55C5-4596-8EFD-E3B96A9B8732}.Debug|Any CPU.Build.0 = Debug|Any CPU
		{76662FB9-55C5-4596-8EFD-E3B96A9B8732}.Release|Any CPU.ActiveCfg = Release|Any CPU
		{76662FB9-55C5-4596-8EFD-E3B96A9B8732}.Release|Any CPU.Build.0 = Release|Any CPU
		{23082483-8798-45A2-BB75-CCD37F2971F6}.Debug|Any CPU.ActiveCfg = Debug|Any CPU
		{23082483-8798-45A2-BB75-CCD37F2971F6}.Debug|Any CPU.Build.0 = Debug|Any CPU
		{23082483-8798-45A2-BB75-CCD37F2971F6}.Release|Any CPU.ActiveCfg = Release|Any CPU
		{23082483-8798-45A2-BB75-CCD37F2971F6}.Release|Any CPU.Build.0 = Release|Any CPU
		{208F82DF-2291-4A5A-B533-036D6C6F44D3}.Debug|Any CPU.ActiveCfg = Debug|Any CPU
		{208F82DF-2291-4A5A-B533-036D6C6F44D3}.Debug|Any CPU.Build.0 = Debug|Any CPU
		{208F82DF-2291-4A5A-B533-036D6C6F44D3}.Release|Any CPU.ActiveCfg = Release|Any CPU
		{208F82DF-2291-4A5A-B533-036D6C6F44D3}.Release|Any CPU.Build.0 = Release|Any CPU
		{D4E95F94-8CF3-4F27-9B14-BB4044857996}.Debug|Any CPU.ActiveCfg = Debug|Any CPU
		{D4E95F94-8CF3-4F27-9B14-BB4044857996}.Debug|Any CPU.Build.0 = Debug|Any CPU
		{D4E95F94-8CF3-4F27-9B14-BB4044857996}.Release|Any CPU.ActiveCfg = Release|Any CPU
		{D4E95F94-8CF3-4F27-9B14-BB4044857996}.Release|Any CPU.Build.0 = Release|Any CPU
		{65564165-D8E4-4463-AE7F-0926017B4D10}.Debug|Any CPU.ActiveCfg = Debug|Any CPU
		{65564165-D8E4-4463-AE7F-0926017B4D10}.Debug|Any CPU.Build.0 = Debug|Any CPU
		{65564165-D8E4-4463-AE7F-0926017B4D10}.Release|Any CPU.ActiveCfg = Release|Any CPU
		{65564165-D8E4-4463-AE7F-0926017B4D10}.Release|Any CPU.Build.0 = Release|Any CPU
		{7FBE4E52-F60F-41DC-91E8-BB7EA5158F06}.Debug|Any CPU.ActiveCfg = Debug|Any CPU
		{7FBE4E52-F60F-41DC-91E8-BB7EA5158F06}.Debug|Any CPU.Build.0 = Debug|Any CPU
		{7FBE4E52-F60F-41DC-91E8-BB7EA5158F06}.Release|Any CPU.ActiveCfg = Release|Any CPU
		{7FBE4E52-F60F-41DC-91E8-BB7EA5158F06}.Release|Any CPU.Build.0 = Release|Any CPU
	EndGlobalSection
	GlobalSection(SolutionProperties) = preSolution
		HideSolutionNode = FALSE
	EndGlobalSection
	GlobalSection(ExtensibilityGlobals) = postSolution
		SolutionGuid = {ECB79EBB-36CD-4EBA-A7DC-A1CEE23AAA10}
	EndGlobalSection
EndGlobal
