
Microsoft Visual Studio Solution File, Format Version 12.00
# Visual Studio Version 17
VisualStudioVersion = 17.11.35303.130
MinimumVisualStudioVersion = 10.0.40219.1
Project("{9A19103F-16F7-4668-BE54-9A1E7A4F7556}") = "SortEvenNums", "SortEvenNums\SortEvenNums.csproj", "{A20F52F6-0369-4F01-A16F-30D06DC09136}"
EndProject
Project("{9A19103F-16F7-4668-BE54-9A1E7A4F7556}") = "SumNumbers", "SumNumbers\SumNumbers.csproj", "{F409923C-A049-4F1D-AF84-18AD03B6E9EF}"
EndProject
Project("{9A19103F-16F7-4668-BE54-9A1E7A4F7556}") = "CountUppercaseWords", "CountUppercaseWords\CountUppercaseWords.csproj", "{B20C2415-5706-46AF-BB61-64D98748A949}"
EndProject
Project("{9A19103F-16F7-4668-BE54-9A1E7A4F7556}") = "AddVat", "AddVat\AddVat.csproj", "{FBF1EEF8-C838-4450-9BDB-A384D7DBD925}"
EndProject
Project("{9A19103F-16F7-4668-BE54-9A1E7A4F7556}") = "FilterByAgee", "FilterByAgee\FilterByAgee.csproj", "{14102E29-928D-4F33-A8E4-4E580F303EA8}"
EndProject
Global
	GlobalSection(SolutionConfigurationPlatforms) = preSolution
		Debug|Any CPU = Debug|Any CPU
		Release|Any CPU = Release|Any CPU
	EndGlobalSection
	GlobalSection(ProjectConfigurationPlatforms) = postSolution
		{A20F52F6-0369-4F01-A16F-30D06DC09136}.Debug|Any CPU.ActiveCfg = Debug|Any CPU
		{A20F52F6-0369-4F01-A16F-30D06DC09136}.Debug|Any CPU.Build.0 = Debug|Any CPU
		{A20F52F6-0369-4F01-A16F-30D06DC09136}.Release|Any CPU.ActiveCfg = Release|Any CPU
		{A20F52F6-0369-4F01-A16F-30D06DC09136}.Release|Any CPU.Build.0 = Release|Any CPU
		{F409923C-A049-4F1D-AF84-18AD03B6E9EF}.Debug|Any CPU.ActiveCfg = Debug|Any CPU
		{F409923C-A049-4F1D-AF84-18AD03B6E9EF}.Debug|Any CPU.Build.0 = Debug|Any CPU
		{F409923C-A049-4F1D-AF84-18AD03B6E9EF}.Release|Any CPU.ActiveCfg = Release|Any CPU
		{F409923C-A049-4F1D-AF84-18AD03B6E9EF}.Release|Any CPU.Build.0 = Release|Any CPU
		{B20C2415-5706-46AF-BB61-64D98748A949}.Debug|Any CPU.ActiveCfg = Debug|Any CPU
		{B20C2415-5706-46AF-BB61-64D98748A949}.Debug|Any CPU.Build.0 = Debug|Any CPU
		{B20C2415-5706-46AF-BB61-64D98748A949}.Release|Any CPU.ActiveCfg = Release|Any CPU
		{B20C2415-5706-46AF-BB61-64D98748A949}.Release|Any CPU.Build.0 = Release|Any CPU
		{FBF1EEF8-C838-4450-9BDB-A384D7DBD925}.Debug|Any CPU.ActiveCfg = Debug|Any CPU
		{FBF1EEF8-C838-4450-9BDB-A384D7DBD925}.Debug|Any CPU.Build.0 = Debug|Any CPU
		{FBF1EEF8-C838-4450-9BDB-A384D7DBD925}.Release|Any CPU.ActiveCfg = Release|Any CPU
		{FBF1EEF8-C838-4450-9BDB-A384D7DBD925}.Release|Any CPU.Build.0 = Release|Any CPU
		{14102E29-928D-4F33-A8E4-4E580F303EA8}.Debug|Any CPU.ActiveCfg = Debug|Any CPU
		{14102E29-928D-4F33-A8E4-4E580F303EA8}.Debug|Any CPU.Build.0 = Debug|Any CPU
		{14102E29-928D-4F33-A8E4-4E580F303EA8}.Release|Any CPU.ActiveCfg = Release|Any CPU
		{14102E29-928D-4F33-A8E4-4E580F303EA8}.Release|Any CPU.Build.0 = Release|Any CPU
	EndGlobalSection
	GlobalSection(SolutionProperties) = preSolution
		HideSolutionNode = FALSE
	EndGlobalSection
	GlobalSection(ExtensibilityGlobals) = postSolution
		SolutionGuid = {3DE082EB-8561-4FAF-9EDC-2D854707ED4B}
	EndGlobalSection
EndGlobal
