
Microsoft Visual Studio Solution File, Format Version 12.00
# Visual Studio Version 17
VisualStudioVersion = 17.11.35303.130
MinimumVisualStudioVersion = 10.0.40219.1
Project("{9A19103F-16F7-4668-BE54-9A1E7A4F7556}") = "UniqueUsernames", "UniqueUsernames\UniqueUsernames.csproj", "{F4118065-009B-4E00-93DD-1748E0A3C443}"
EndProject
Project("{9A19103F-16F7-4668-BE54-9A1E7A4F7556}") = "SetsOfElements", "SetsOfElements\SetsOfElements.csproj", "{BF0BAE20-0B3E-4363-A413-CFF3160CF094}"
EndProject
Project("{9A19103F-16F7-4668-BE54-9A1E7A4F7556}") = "PereodicTable", "PereodicTable\PereodicTable.csproj", "{7FCEC845-3D86-4D19-830F-48388B369A4A}"
EndProject
Project("{9A19103F-16F7-4668-BE54-9A1E7A4F7556}") = "EvenTimes", "EvenTimes\EvenTimes.csproj", "{F7E61F4E-E84B-41FF-B1E2-DDDC603BB127}"
EndProject
Project("{9A19103F-16F7-4668-BE54-9A1E7A4F7556}") = "CountSymbols", "CountSymbols\CountSymbols.csproj", "{65B9E578-6BCD-41F7-932D-CF9A8CF2DE5D}"
EndProject
Project("{9A19103F-16F7-4668-BE54-9A1E7A4F7556}") = "Wardrobe", "Wardrobe\Wardrobe.csproj", "{FDB962C2-667F-46CF-9077-1C617D4C0EE7}"
EndProject
Project("{FAE04EC0-301F-11D3-BF4B-00C04F79EFBC}") = "TheV-Logger", "TheV-Logger\TheV-Logger.csproj", "{C6B64C0A-4F5E-4169-AA2A-F8C35C5031A9}"
EndProject
Project("{FAE04EC0-301F-11D3-BF4B-00C04F79EFBC}") = "Ranking", "Ranking\Ranking.csproj", "{6A6B1D4B-3B23-4563-A83B-D402E5D4F67F}"
EndProject
Project("{FAE04EC0-301F-11D3-BF4B-00C04F79EFBC}") = "SoftuniExamResults", "SoftuniExamResults\SoftuniExamResults.csproj", "{5C445D6E-9610-4066-ACB5-95550264EC97}"
EndProject
Project("{FAE04EC0-301F-11D3-BF4B-00C04F79EFBC}") = "ForceBook", "ForceBook\ForceBook.csproj", "{02AFCF44-EB2B-460E-A698-1F3BA8D0F278}"
EndProject
Global
	GlobalSection(SolutionConfigurationPlatforms) = preSolution
		Debug|Any CPU = Debug|Any CPU
		Release|Any CPU = Release|Any CPU
	EndGlobalSection
	GlobalSection(ProjectConfigurationPlatforms) = postSolution
		{F4118065-009B-4E00-93DD-1748E0A3C443}.Debug|Any CPU.ActiveCfg = Debug|Any CPU
		{F4118065-009B-4E00-93DD-1748E0A3C443}.Debug|Any CPU.Build.0 = Debug|Any CPU
		{F4118065-009B-4E00-93DD-1748E0A3C443}.Release|Any CPU.ActiveCfg = Release|Any CPU
		{F4118065-009B-4E00-93DD-1748E0A3C443}.Release|Any CPU.Build.0 = Release|Any CPU
		{BF0BAE20-0B3E-4363-A413-CFF3160CF094}.Debug|Any CPU.ActiveCfg = Debug|Any CPU
		{BF0BAE20-0B3E-4363-A413-CFF3160CF094}.Debug|Any CPU.Build.0 = Debug|Any CPU
		{BF0BAE20-0B3E-4363-A413-CFF3160CF094}.Release|Any CPU.ActiveCfg = Release|Any CPU
		{BF0BAE20-0B3E-4363-A413-CFF3160CF094}.Release|Any CPU.Build.0 = Release|Any CPU
		{7FCEC845-3D86-4D19-830F-48388B369A4A}.Debug|Any CPU.ActiveCfg = Debug|Any CPU
		{7FCEC845-3D86-4D19-830F-48388B369A4A}.Debug|Any CPU.Build.0 = Debug|Any CPU
		{7FCEC845-3D86-4D19-830F-48388B369A4A}.Release|Any CPU.ActiveCfg = Release|Any CPU
		{7FCEC845-3D86-4D19-830F-48388B369A4A}.Release|Any CPU.Build.0 = Release|Any CPU
		{F7E61F4E-E84B-41FF-B1E2-DDDC603BB127}.Debug|Any CPU.ActiveCfg = Debug|Any CPU
		{F7E61F4E-E84B-41FF-B1E2-DDDC603BB127}.Debug|Any CPU.Build.0 = Debug|Any CPU
		{F7E61F4E-E84B-41FF-B1E2-DDDC603BB127}.Release|Any CPU.ActiveCfg = Release|Any CPU
		{F7E61F4E-E84B-41FF-B1E2-DDDC603BB127}.Release|Any CPU.Build.0 = Release|Any CPU
		{65B9E578-6BCD-41F7-932D-CF9A8CF2DE5D}.Debug|Any CPU.ActiveCfg = Debug|Any CPU
		{65B9E578-6BCD-41F7-932D-CF9A8CF2DE5D}.Debug|Any CPU.Build.0 = Debug|Any CPU
		{65B9E578-6BCD-41F7-932D-CF9A8CF2DE5D}.Release|Any CPU.ActiveCfg = Release|Any CPU
		{65B9E578-6BCD-41F7-932D-CF9A8CF2DE5D}.Release|Any CPU.Build.0 = Release|Any CPU
		{FDB962C2-667F-46CF-9077-1C617D4C0EE7}.Debug|Any CPU.ActiveCfg = Debug|Any CPU
		{FDB962C2-667F-46CF-9077-1C617D4C0EE7}.Debug|Any CPU.Build.0 = Debug|Any CPU
		{FDB962C2-667F-46CF-9077-1C617D4C0EE7}.Release|Any CPU.ActiveCfg = Release|Any CPU
		{FDB962C2-667F-46CF-9077-1C617D4C0EE7}.Release|Any CPU.Build.0 = Release|Any CPU
		{C6B64C0A-4F5E-4169-AA2A-F8C35C5031A9}.Debug|Any CPU.ActiveCfg = Debug|Any CPU
		{C6B64C0A-4F5E-4169-AA2A-F8C35C5031A9}.Debug|Any CPU.Build.0 = Debug|Any CPU
		{C6B64C0A-4F5E-4169-AA2A-F8C35C5031A9}.Release|Any CPU.ActiveCfg = Release|Any CPU
		{C6B64C0A-4F5E-4169-AA2A-F8C35C5031A9}.Release|Any CPU.Build.0 = Release|Any CPU
		{6A6B1D4B-3B23-4563-A83B-D402E5D4F67F}.Debug|Any CPU.ActiveCfg = Debug|Any CPU
		{6A6B1D4B-3B23-4563-A83B-D402E5D4F67F}.Debug|Any CPU.Build.0 = Debug|Any CPU
		{6A6B1D4B-3B23-4563-A83B-D402E5D4F67F}.Release|Any CPU.ActiveCfg = Release|Any CPU
		{6A6B1D4B-3B23-4563-A83B-D402E5D4F67F}.Release|Any CPU.Build.0 = Release|Any CPU
		{5C445D6E-9610-4066-ACB5-95550264EC97}.Debug|Any CPU.ActiveCfg = Debug|Any CPU
		{5C445D6E-9610-4066-ACB5-95550264EC97}.Debug|Any CPU.Build.0 = Debug|Any CPU
		{5C445D6E-9610-4066-ACB5-95550264EC97}.Release|Any CPU.ActiveCfg = Release|Any CPU
		{5C445D6E-9610-4066-ACB5-95550264EC97}.Release|Any CPU.Build.0 = Release|Any CPU
		{02AFCF44-EB2B-460E-A698-1F3BA8D0F278}.Debug|Any CPU.ActiveCfg = Debug|Any CPU
		{02AFCF44-EB2B-460E-A698-1F3BA8D0F278}.Debug|Any CPU.Build.0 = Debug|Any CPU
		{02AFCF44-EB2B-460E-A698-1F3BA8D0F278}.Release|Any CPU.ActiveCfg = Release|Any CPU
		{02AFCF44-EB2B-460E-A698-1F3BA8D0F278}.Release|Any CPU.Build.0 = Release|Any CPU
	EndGlobalSection
	GlobalSection(SolutionProperties) = preSolution
		HideSolutionNode = FALSE
	EndGlobalSection
	GlobalSection(ExtensibilityGlobals) = postSolution
		SolutionGuid = {8917BB8B-7AEE-4B1A-9A8C-8508B530B582}
	EndGlobalSection
EndGlobal
