
Microsoft Visual Studio Solution File, Format Version 12.00
# Visual Studio Version 17
VisualStudioVersion = 17.11.35303.130
MinimumVisualStudioVersion = 10.0.40219.1
Project("{9A19103F-16F7-4668-BE54-9A1E7A4F7556}") = "ListyIterator", "ListyIterator\ListyIterator.csproj", "{875AF002-29E6-4C9B-A77D-B5AF527127CA}"
EndProject
Project("{FAE04EC0-301F-11D3-BF4B-00C04F79EFBC}") = "Froggy", "Froggy\Froggy.csproj", "{37AECDB1-764E-461E-B343-417AE895E140}"
EndProject
Project("{FAE04EC0-301F-11D3-BF4B-00C04F79EFBC}") = "ComparingObjects", "ComparingObjects\ComparingObjects.csproj", "{EB38FB18-6ED5-4B69-B1A4-4C4546276994}"
EndProject
Global
	GlobalSection(SolutionConfigurationPlatforms) = preSolution
		Debug|Any CPU = Debug|Any CPU
		Release|Any CPU = Release|Any CPU
	EndGlobalSection
	GlobalSection(ProjectConfigurationPlatforms) = postSolution
		{875AF002-29E6-4C9B-A77D-B5AF527127CA}.Debug|Any CPU.ActiveCfg = Debug|Any CPU
		{875AF002-29E6-4C9B-A77D-B5AF527127CA}.Debug|Any CPU.Build.0 = Debug|Any CPU
		{875AF002-29E6-4C9B-A77D-B5AF527127CA}.Release|Any CPU.ActiveCfg = Release|Any CPU
		{875AF002-29E6-4C9B-A77D-B5AF527127CA}.Release|Any CPU.Build.0 = Release|Any CPU
		{37AECDB1-764E-461E-B343-417AE895E140}.Debug|Any CPU.ActiveCfg = Debug|Any CPU
		{37AECDB1-764E-461E-B343-417AE895E140}.Debug|Any CPU.Build.0 = Debug|Any CPU
		{37AECDB1-764E-461E-B343-417AE895E140}.Release|Any CPU.ActiveCfg = Release|Any CPU
		{37AECDB1-764E-461E-B343-417AE895E140}.Release|Any CPU.Build.0 = Release|Any CPU
		{EB38FB18-6ED5-4B69-B1A4-4C4546276994}.Debug|Any CPU.ActiveCfg = Debug|Any CPU
		{EB38FB18-6ED5-4B69-B1A4-4C4546276994}.Debug|Any CPU.Build.0 = Debug|Any CPU
		{EB38FB18-6ED5-4B69-B1A4-4C4546276994}.Release|Any CPU.ActiveCfg = Release|Any CPU
		{EB38FB18-6ED5-4B69-B1A4-4C4546276994}.Release|Any CPU.Build.0 = Release|Any CPU
	EndGlobalSection
	GlobalSection(SolutionProperties) = preSolution
		HideSolutionNode = FALSE
	EndGlobalSection
	GlobalSection(ExtensibilityGlobals) = postSolution
		SolutionGuid = {8654043F-430E-4829-AD61-01AD1AC8319B}
	EndGlobalSection
EndGlobal
