
Microsoft Visual Studio Solution File, Format Version 12.00
# Visual Studio Version 17
VisualStudioVersion = 17.10.34902.84
MinimumVisualStudioVersion = 10.0.40219.1
Project("{FAE04EC0-301F-11D3-BF4B-00C04F79EFBC}") = "BasicSyntax_ConditionalStatmentsAndLoops", "BasicSyntax_ConditionalStatmentsAndLoops\BasicSyntax_ConditionalStatmentsAndLoops.csproj", "{72CA46A4-E5C1-4D92-B5B9-F1BA1BBFFFB9}"
EndProject
Project("{FAE04EC0-301F-11D3-BF4B-00C04F79EFBC}") = "02_Passed", "02_Passed\02_Passed.csproj", "{87CAC2DA-67E1-4DEE-B187-11A70DD85086}"
EndProject
Project("{FAE04EC0-301F-11D3-BF4B-00C04F79EFBC}") = "BackIn30Min", "BackIn30Min\BackIn30Min.csproj", "{9D9D45E6-7058-43CF-87CF-0963C0A12CE4}"
EndProject
Project("{FAE04EC0-301F-11D3-BF4B-00C04F79EFBC}") = "MonthPrinter", "MonthPrinter\MonthPrinter.csproj", "{30EEA121-F937-47A8-BB47-B1E41329C9D6}"
EndProject
Project("{FAE04EC0-301F-11D3-BF4B-00C04F79EFBC}") = "ForeignLanguages", "ForeignLanguages\ForeignLanguages.csproj", "{A106B88B-0BF2-4F9D-BB42-9C9A6C915CDF}"
EndProject
Project("{FAE04EC0-301F-11D3-BF4B-00C04F79EFBC}") = "TheatrePromotions", "TheatrePromotions\TheatrePromotions.csproj", "{6638C2ED-43D0-421C-B71D-651D96D8B21D}"
EndProject
Project("{FAE04EC0-301F-11D3-BF4B-00C04F79EFBC}") = "DivisibleBy3", "DivisibleBy3\DivisibleBy3.csproj", "{71828C14-372D-4615-BC94-312CE4CEEA0C}"
EndProject
Project("{FAE04EC0-301F-11D3-BF4B-00C04F79EFBC}") = "MultiplicationTable", "MultiplicationTable\MultiplicationTable.csproj", "{D1EF51DC-259E-47AC-BC0B-536B8E583A18}"
EndProject
Project("{FAE04EC0-301F-11D3-BF4B-00C04F79EFBC}") = "EvenNumbers", "EvenNumbers\EvenNumbers.csproj", "{5E11CF4C-9748-4CBE-B4E5-544623F43CB4}"
EndProject
Project("{FAE04EC0-301F-11D3-BF4B-00C04F79EFBC}") = "DebugCode", "DebugCode\DebugCode.csproj", "{499AACED-6AAF-4299-87CA-454C4DEC161C}"
EndProject
Global
	GlobalSection(SolutionConfigurationPlatforms) = preSolution
		Debug|Any CPU = Debug|Any CPU
		Release|Any CPU = Release|Any CPU
	EndGlobalSection
	GlobalSection(ProjectConfigurationPlatforms) = postSolution
		{72CA46A4-E5C1-4D92-B5B9-F1BA1BBFFFB9}.Debug|Any CPU.ActiveCfg = Debug|Any CPU
		{72CA46A4-E5C1-4D92-B5B9-F1BA1BBFFFB9}.Debug|Any CPU.Build.0 = Debug|Any CPU
		{72CA46A4-E5C1-4D92-B5B9-F1BA1BBFFFB9}.Release|Any CPU.ActiveCfg = Release|Any CPU
		{72CA46A4-E5C1-4D92-B5B9-F1BA1BBFFFB9}.Release|Any CPU.Build.0 = Release|Any CPU
		{87CAC2DA-67E1-4DEE-B187-11A70DD85086}.Debug|Any CPU.ActiveCfg = Debug|Any CPU
		{87CAC2DA-67E1-4DEE-B187-11A70DD85086}.Debug|Any CPU.Build.0 = Debug|Any CPU
		{87CAC2DA-67E1-4DEE-B187-11A70DD85086}.Release|Any CPU.ActiveCfg = Release|Any CPU
		{87CAC2DA-67E1-4DEE-B187-11A70DD85086}.Release|Any CPU.Build.0 = Release|Any CPU
		{9D9D45E6-7058-43CF-87CF-0963C0A12CE4}.Debug|Any CPU.ActiveCfg = Debug|Any CPU
		{9D9D45E6-7058-43CF-87CF-0963C0A12CE4}.Debug|Any CPU.Build.0 = Debug|Any CPU
		{9D9D45E6-7058-43CF-87CF-0963C0A12CE4}.Release|Any CPU.ActiveCfg = Release|Any CPU
		{9D9D45E6-7058-43CF-87CF-0963C0A12CE4}.Release|Any CPU.Build.0 = Release|Any CPU
		{30EEA121-F937-47A8-BB47-B1E41329C9D6}.Debug|Any CPU.ActiveCfg = Debug|Any CPU
		{30EEA121-F937-47A8-BB47-B1E41329C9D6}.Debug|Any CPU.Build.0 = Debug|Any CPU
		{30EEA121-F937-47A8-BB47-B1E41329C9D6}.Release|Any CPU.ActiveCfg = Release|Any CPU
		{30EEA121-F937-47A8-BB47-B1E41329C9D6}.Release|Any CPU.Build.0 = Release|Any CPU
		{A106B88B-0BF2-4F9D-BB42-9C9A6C915CDF}.Debug|Any CPU.ActiveCfg = Debug|Any CPU
		{A106B88B-0BF2-4F9D-BB42-9C9A6C915CDF}.Debug|Any CPU.Build.0 = Debug|Any CPU
		{A106B88B-0BF2-4F9D-BB42-9C9A6C915CDF}.Release|Any CPU.ActiveCfg = Release|Any CPU
		{A106B88B-0BF2-4F9D-BB42-9C9A6C915CDF}.Release|Any CPU.Build.0 = Release|Any CPU
		{6638C2ED-43D0-421C-B71D-651D96D8B21D}.Debug|Any CPU.ActiveCfg = Debug|Any CPU
		{6638C2ED-43D0-421C-B71D-651D96D8B21D}.Debug|Any CPU.Build.0 = Debug|Any CPU
		{6638C2ED-43D0-421C-B71D-651D96D8B21D}.Release|Any CPU.ActiveCfg = Release|Any CPU
		{6638C2ED-43D0-421C-B71D-651D96D8B21D}.Release|Any CPU.Build.0 = Release|Any CPU
		{71828C14-372D-4615-BC94-312CE4CEEA0C}.Debug|Any CPU.ActiveCfg = Debug|Any CPU
		{71828C14-372D-4615-BC94-312CE4CEEA0C}.Debug|Any CPU.Build.0 = Debug|Any CPU
		{71828C14-372D-4615-BC94-312CE4CEEA0C}.Release|Any CPU.ActiveCfg = Release|Any CPU
		{71828C14-372D-4615-BC94-312CE4CEEA0C}.Release|Any CPU.Build.0 = Release|Any CPU
		{D1EF51DC-259E-47AC-BC0B-536B8E583A18}.Debug|Any CPU.ActiveCfg = Debug|Any CPU
		{D1EF51DC-259E-47AC-BC0B-536B8E583A18}.Debug|Any CPU.Build.0 = Debug|Any CPU
		{D1EF51DC-259E-47AC-BC0B-536B8E583A18}.Release|Any CPU.ActiveCfg = Release|Any CPU
		{D1EF51DC-259E-47AC-BC0B-536B8E583A18}.Release|Any CPU.Build.0 = Release|Any CPU
		{5E11CF4C-9748-4CBE-B4E5-544623F43CB4}.Debug|Any CPU.ActiveCfg = Debug|Any CPU
		{5E11CF4C-9748-4CBE-B4E5-544623F43CB4}.Debug|Any CPU.Build.0 = Debug|Any CPU
		{5E11CF4C-9748-4CBE-B4E5-544623F43CB4}.Release|Any CPU.ActiveCfg = Release|Any CPU
		{5E11CF4C-9748-4CBE-B4E5-544623F43CB4}.Release|Any CPU.Build.0 = Release|Any CPU
		{499AACED-6AAF-4299-87CA-454C4DEC161C}.Debug|Any CPU.ActiveCfg = Debug|Any CPU
		{499AACED-6AAF-4299-87CA-454C4DEC161C}.Debug|Any CPU.Build.0 = Debug|Any CPU
		{499AACED-6AAF-4299-87CA-454C4DEC161C}.Release|Any CPU.ActiveCfg = Release|Any CPU
		{499AACED-6AAF-4299-87CA-454C4DEC161C}.Release|Any CPU.Build.0 = Release|Any CPU
	EndGlobalSection
	GlobalSection(SolutionProperties) = preSolution
		HideSolutionNode = FALSE
	EndGlobalSection
	GlobalSection(ExtensibilityGlobals) = postSolution
		SolutionGuid = {C3E0029A-EF53-4EC8-9202-34618EF0D8D6}
	EndGlobalSection
EndGlobal
