
Microsoft Visual Studio Solution File, Format Version 12.00
# Visual Studio Version 17
VisualStudioVersion = 17.11.35327.3
MinimumVisualStudioVersion = 10.0.40219.1
Project("{FAE04EC0-301F-11D3-BF4B-00C04F79EFBC}") = "Logger", "Logger\Logger.csproj", "{F9828538-7BDB-4F4E-97ED-9722872D374D}"
EndProject
Global
	GlobalSection(SolutionConfigurationPlatforms) = preSolution
		Debug|Any CPU = Debug|Any CPU
		Release|Any CPU = Release|Any CPU
	EndGlobalSection
	GlobalSection(ProjectConfigurationPlatforms) = postSolution
		{F9828538-7BDB-4F4E-97ED-9722872D374D}.Debug|Any CPU.ActiveCfg = Debug|Any CPU
		{F9828538-7BDB-4F4E-97ED-9722872D374D}.Debug|Any CPU.Build.0 = Debug|Any CPU
		{F9828538-7BDB-4F4E-97ED-9722872D374D}.Release|Any CPU.ActiveCfg = Release|Any CPU
		{F9828538-7BDB-4F4E-97ED-9722872D374D}.Release|Any CPU.Build.0 = Release|Any CPU
	EndGlobalSection
	GlobalSection(SolutionProperties) = preSolution
		HideSolutionNode = FALSE
	EndGlobalSection
	GlobalSection(ExtensibilityGlobals) = postSolution
		SolutionGuid = {9EAE1F89-3505-498C-96EE-C7198F371CBA}
	EndGlobalSection
EndGlobal
